<?xml version="1.0" encoding="utf-8"?>
<Project ToolsVersion="4.0" xmlns="http://schemas.microsoft.com/developer/msbuild/2003">
  <ItemGroup>
    <Filter Include="Source Files">
      <UniqueIdentifier>{4FC737F1-C7A5-4376-A066-2A32D752A2FF}</UniqueIdentifier>
      <Extensions>cpp;c;cc;cxx;c++;cppm;ixx;def;odl;idl;hpj;bat;asm;asmx</Extensions>
    </Filter>
    <Filter Include="Header Files">
      <UniqueIdentifier>{93995380-89BD-4b04-88EB-625FBE52EBFB}</UniqueIdentifier>
      <Extensions>h;hh;hpp;hxx;h++;hm;inl;inc;ipp;xsd</Extensions>
    </Filter>
    <Filter Include="Resource Files">
      <UniqueIdentifier>{67DA6AB6-F800-4c08-8B7A-83BB121AAD01}</UniqueIdentifier>
      <Extensions>rc;ico;cur;bmp;dlg;rc2;rct;bin;rgs;gif;jpg;jpeg;jpe;resx;tiff;tif;png;wav;mfcribbon-ms</Extensions>
    </Filter>
  </ItemGroup>
  <ItemGroup>
    <ClCompile Include="src\assortativitycalc.cpp">
      <Filter>Source Files</Filter>
    </ClCompile>
    <ClCompile Include="src\genrandomnets.cpp">
      <Filter>Source Files</Filter>
    </ClCompile>
    <ClCompile Include="src\longrangeass.cpp">
      <Filter>Source Files</Filter>
    </ClCompile>
    <ClCompile Include="src\memorygeneric.cpp">
      <Filter>Source Files</Filter>
    </ClCompile>
    <ClCompile Include="src\nullmodels.cpp">
      <Filter>Source Files</Filter>
    </ClCompile>
    <ClCompile Include="src\parsepubmed.cpp">
      <Filter>Source Files</Filter>
    </ClCompile>
    <ClCompile Include="src\parser.cpp">
      <Filter>Source Files</Filter>
    </ClCompile>
    <ClCompile Include="src\similarity.cpp">
      <Filter>Source Files</Filter>
    </ClCompile>
    <ClCompile Include="src\similaritycora.cpp">
      <Filter>Source Files</Filter>
    </ClCompile>
    <ClCompile Include="src\similaritydeezer.cpp">
      <Filter>Source Files</Filter>
    </ClCompile>
    <ClCompile Include="src\similaritydegree.cpp">
      <Filter>Source Files</Filter>
    </ClCompile>
    <ClCompile Include="src\similaritypubmed.cpp">
      <Filter>Source Files</Filter>
    </ClCompile>
  </ItemGroup>
  <ItemGroup>
    <None Include="vcpkg.json" />
    <None Include="processeddatasets\pubmed_feat.bin">
      <Filter>Resource Files</Filter>
    </None>
    <None Include="processeddatasets\cora_feat.bin">
      <Filter>Resource Files</Filter>
    </None>
    <None Include="processeddatasets\deezer_feat-HR.bin">
      <Filter>Resource Files</Filter>
    </None>
    <None Include="processeddatasets\deezer_feat-HU.bin">
      <Filter>Resource Files</Filter>
    </None>
    <None Include="processeddatasets\deezer_feat-RO.bin">
      <Filter>Resource Files</Filter>
    </None>
  </ItemGroup>
  <ItemGroup>
    <ClInclude Include="src\assortativitycalc.hpp">
      <Filter>Header Files</Filter>
    </ClInclude>
    <ClInclude Include="src\generalsettings.hpp">
      <Filter>Header Files</Filter>
    </ClInclude>
    <ClInclude Include="src\genrandomnets.hpp">
      <Filter>Header Files</Filter>
    </ClInclude>
    <ClInclude Include="src\memorygeneric.hpp">
      <Filter>Header Files</Filter>
    </ClInclude>
    <ClInclude Include="src\nullmodels.hpp">
      <Filter>Header Files</Filter>
    </ClInclude>
    <ClInclude Include="src\parser.hpp">
      <Filter>Header Files</Filter>
    </ClInclude>
    <ClInclude Include="src\similarity.hpp">
      <Filter>Header Files</Filter>
    </ClInclude>
    <ClInclude Include="src\similaritycora.hpp">
      <Filter>Header Files</Filter>
    </ClInclude>
    <ClInclude Include="src\similaritydeezer.hpp">
      <Filter>Header Files</Filter>
    </ClInclude>
    <ClInclude Include="src\similaritydegree.hpp">
      <Filter>Header Files</Filter>
    </ClInclude>
    <ClInclude Include="src\similaritypubmed.hpp">
      <Filter>Header Files</Filter>
    </ClInclude>
  </ItemGroup>
  <ItemGroup>
    <Text Include="processeddatasets\cora_edges.txt" />
    <Text Include="processeddatasets\deezer_edges-HR.txt" />
    <Text Include="processeddatasets\deezer_edges-HU.txt" />
    <Text Include="processeddatasets\deezer_edges-RO.txt" />
    <Text Include="processeddatasets\pubmed_edges.txt" />
  </ItemGroup>
</Project>